
Microsoft Visual Studio Solution File, Format Version 12.00
# Visual Studio Version 17
VisualStudioVersion = 17.14.36401.2 d17.14
MinimumVisualStudioVersion = 10.0.40219.1
Project("{FAE04EC0-301F-11D3-BF4B-00C04F79EFBC}") = "WebApi", "WebApi\WebApi.csproj", "{EA178A60-1F94-481F-8B95-3B017A1BA99A}"
EndProject
Project("{FAE04EC0-301F-11D3-BF4B-00C04F79EFBC}") = "WebApp", "WebApp\WebApp.csproj", "{49D9A039-6E20-48CA-80D2-E0C865D92E79}"
EndProject
Global
	GlobalSection(SolutionConfigurationPlatforms) = preSolution
		Debug|Any CPU = Debug|Any CPU
		Release|Any CPU = Release|Any CPU
	EndGlobalSection
	GlobalSection(ProjectConfigurationPlatforms) = postSolution
		{EA178A60-1F94-481F-8B95-3B017A1BA99A}.Debug|Any CPU.ActiveCfg = Debug|Any CPU
		{EA178A60-1F94-481F-8B95-3B017A1BA99A}.Debug|Any CPU.Build.0 = Debug|Any CPU
		{EA178A60-1F94-481F-8B95-3B017A1BA99A}.Release|Any CPU.ActiveCfg = Release|Any CPU
		{EA178A60-1F94-481F-8B95-3B017A1BA99A}.Release|Any CPU.Build.0 = Release|Any CPU
		{49D9A039-6E20-48CA-80D2-E0C865D92E79}.Debug|Any CPU.ActiveCfg = Debug|Any CPU
		{49D9A039-6E20-48CA-80D2-E0C865D92E79}.Debug|Any CPU.Build.0 = Debug|Any CPU
		{49D9A039-6E20-48CA-80D2-E0C865D92E79}.Release|Any CPU.ActiveCfg = Release|Any CPU
		{49D9A039-6E20-48CA-80D2-E0C865D92E79}.Release|Any CPU.Build.0 = Release|Any CPU
	EndGlobalSection
	GlobalSection(SolutionProperties) = preSolution
		HideSolutionNode = FALSE
	EndGlobalSection
	GlobalSection(ExtensibilityGlobals) = postSolution
		SolutionGuid = {D7BA859D-9293-47C8-ADDE-6079B6283BAE}
	EndGlobalSection
EndGlobal
